// !$*UTF8*$!
{
	archiveVersion = 1;
	classes = {
	};
	objectVersion = 50;
	objects = {

/* Begin PBXBuildFile section */
		1810C78E2236479900065CB1 /* HomeViewController.swift in Sources */ = {isa = PBXBuildFile; fileRef = 1810C78D2236479900065CB1 /* HomeViewController.swift */; };
		1810C790223647AD00065CB1 /* RecentViewController.swift in Sources */ = {isa = PBXBuildFile; fileRef = 1810C78F223647AD00065CB1 /* RecentViewController.swift */; };
		1810C79622364CBE00065CB1 /* TabBarViewController.swift in Sources */ = {isa = PBXBuildFile; fileRef = 1810C79522364CBE00065CB1 /* TabBarViewController.swift */; };
		181FE505223B8F5B00648A0D /* HomeCollectionViewCell.swift in Sources */ = {isa = PBXBuildFile; fileRef = 181FE504223B8F5B00648A0D /* HomeCollectionViewCell.swift */; };
		182E6C052234CFD0009828EC /* AppDelegate.swift in Sources */ = {isa = PBXBuildFile; fileRef = 182E6C042234CFD0009828EC /* AppDelegate.swift */; };
		182E6C072234CFD0009828EC /* ViewController.swift in Sources */ = {isa = PBXBuildFile; fileRef = 182E6C062234CFD0009828EC /* ViewController.swift */; };
		182E6C0A2234CFD0009828EC /* Main.storyboard in Resources */ = {isa = PBXBuildFile; fileRef = 182E6C082234CFD0009828EC /* Main.storyboard */; };
		182E6C0C2234CFD0009828EC /* Assets.xcassets in Resources */ = {isa = PBXBuildFile; fileRef = 182E6C0B2234CFD0009828EC /* Assets.xcassets */; };
		182E6C0F2234CFD0009828EC /* LaunchScreen.storyboard in Resources */ = {isa = PBXBuildFile; fileRef = 182E6C0D2234CFD0009828EC /* LaunchScreen.storyboard */; };
		182E6C1A2234CFD0009828EC /* BookingRestaurentAppTests.swift in Sources */ = {isa = PBXBuildFile; fileRef = 182E6C192234CFD0009828EC /* BookingRestaurentAppTests.swift */; };
		182E6C252234CFD0009828EC /* BookingRestaurentAppUITests.swift in Sources */ = {isa = PBXBuildFile; fileRef = 182E6C242234CFD0009828EC /* BookingRestaurentAppUITests.swift */; };
		182E6C332234D0B0009828EC /* GoogleService-Info.plist in Resources */ = {isa = PBXBuildFile; fileRef = 182E6C322234D0B0009828EC /* GoogleService-Info.plist */; };
		182E6C352234D332009828EC /* RegisterViewController.swift in Sources */ = {isa = PBXBuildFile; fileRef = 182E6C342234D332009828EC /* RegisterViewController.swift */; };
		184F8B90223F741100FAC92A /* TopRateCollectionViewController.swift in Sources */ = {isa = PBXBuildFile; fileRef = 184F8B8F223F741100FAC92A /* TopRateCollectionViewController.swift */; };
		184F8B92223F821A00FAC92A /* ContactsTableViewController.swift in Sources */ = {isa = PBXBuildFile; fileRef = 184F8B91223F821A00FAC92A /* ContactsTableViewController.swift */; };
		184F8B97223F882D00FAC92A /* MenuTableViewController.swift in Sources */ = {isa = PBXBuildFile; fileRef = 184F8B96223F882D00FAC92A /* MenuTableViewController.swift */; };
		184F8B9A223F888400FAC92A /* SelectRestaurentViewController.swift in Sources */ = {isa = PBXBuildFile; fileRef = 184F8B99223F888400FAC92A /* SelectRestaurentViewController.swift */; };
		184F8BA62242310600FAC92A /* resmodel.swift in Sources */ = {isa = PBXBuildFile; fileRef = 184F8BA52242310600FAC92A /* resmodel.swift */; };
		184F8BA82243660600FAC92A /* InfoViewController.swift in Sources */ = {isa = PBXBuildFile; fileRef = 184F8BA72243660600FAC92A /* InfoViewController.swift */; };
		184F8BAA2243778800FAC92A /* ProfileViewController.swift in Sources */ = {isa = PBXBuildFile; fileRef = 184F8BA92243778800FAC92A /* ProfileViewController.swift */; };
		184F8BAC2243847900FAC92A /* changePassViewController.swift in Sources */ = {isa = PBXBuildFile; fileRef = 184F8BAB2243847900FAC92A /* changePassViewController.swift */; };
		1858B84F223CA6C6007CFE7B /* HomeCollectionViewController.swift in Sources */ = {isa = PBXBuildFile; fileRef = 1858B84E223CA6C6007CFE7B /* HomeCollectionViewController.swift */; };
		18F39E272244CA3800AAFE51 /* WalletViewController.swift in Sources */ = {isa = PBXBuildFile; fileRef = 18F39E262244CA3800AAFE51 /* WalletViewController.swift */; };
		18F39E2922473F6700AAFE51 /* resmenu.swift in Sources */ = {isa = PBXBuildFile; fileRef = 18F39E2822473F6700AAFE51 /* resmenu.swift */; };
		18F5AED7223791B700240804 /* ForGotPasswordViewController.swift in Sources */ = {isa = PBXBuildFile; fileRef = 18F5AED6223791B700240804 /* ForGotPasswordViewController.swift */; };
		18F5AED92237939800240804 /* FindPassWordViewController.swift in Sources */ = {isa = PBXBuildFile; fileRef = 18F5AED82237939800240804 /* FindPassWordViewController.swift */; };
		750BE947D9ADB5DE80C947AF /* Pods_BookingRestaurentApp.framework in Frameworks */ = {isa = PBXBuildFile; fileRef = DCA02F7860D425329420BFE1 /* Pods_BookingRestaurentApp.framework */; };
/* End PBXBuildFile section */

/* Begin PBXContainerItemProxy section */
		182E6C162234CFD0009828EC /* PBXContainerItemProxy */ = {
			isa = PBXContainerItemProxy;
			containerPortal = 182E6BF92234CFCF009828EC /* Project object */;
			proxyType = 1;
			remoteGlobalIDString = 182E6C002234CFD0009828EC;
			remoteInfo = BookingRestaurentApp;
		};
		182E6C212234CFD0009828EC /* PBXContainerItemProxy */ = {
			isa = PBXContainerItemProxy;
			containerPortal = 182E6BF92234CFCF009828EC /* Project object */;
			proxyType = 1;
			remoteGlobalIDString = 182E6C002234CFD0009828EC;
			remoteInfo = BookingRestaurentApp;
		};
/* End PBXContainerItemProxy section */

/* Begin PBXFileReference section */
		1810C78D2236479900065CB1 /* HomeViewController.swift */ = {isa = PBXFileReference; lastKnownFileType = sourcecode.swift; path = HomeViewController.swift; sourceTree = "<group>"; };
		1810C78F223647AD00065CB1 /* RecentViewController.swift */ = {isa = PBXFileReference; lastKnownFileType = sourcecode.swift; path = RecentViewController.swift; sourceTree = "<group>"; };
		1810C79522364CBE00065CB1 /* TabBarViewController.swift */ = {isa = PBXFileReference; lastKnownFileType = sourcecode.swift; path = TabBarViewController.swift; sourceTree = "<group>"; };
		181FE504223B8F5B00648A0D /* HomeCollectionViewCell.swift */ = {isa = PBXFileReference; lastKnownFileType = sourcecode.swift; path = HomeCollectionViewCell.swift; sourceTree = "<group>"; };
		182E6C012234CFD0009828EC /* BookingRestaurentApp.app */ = {isa = PBXFileReference; explicitFileType = wrapper.application; includeInIndex = 0; path = BookingRestaurentApp.app; sourceTree = BUILT_PRODUCTS_DIR; };
		182E6C042234CFD0009828EC /* AppDelegate.swift */ = {isa = PBXFileReference; lastKnownFileType = sourcecode.swift; path = AppDelegate.swift; sourceTree = "<group>"; };
		182E6C062234CFD0009828EC /* ViewController.swift */ = {isa = PBXFileReference; lastKnownFileType = sourcecode.swift; path = ViewController.swift; sourceTree = "<group>"; };
		182E6C092234CFD0009828EC /* Base */ = {isa = PBXFileReference; lastKnownFileType = file.storyboard; name = Base; path = Base.lproj/Main.storyboard; sourceTree = "<group>"; };
		182E6C0B2234CFD0009828EC /* Assets.xcassets */ = {isa = PBXFileReference; lastKnownFileType = folder.assetcatalog; path = Assets.xcassets; sourceTree = "<group>"; };
		182E6C0E2234CFD0009828EC /* Base */ = {isa = PBXFileReference; lastKnownFileType = file.storyboard; name = Base; path = Base.lproj/LaunchScreen.storyboard; sourceTree = "<group>"; };
		182E6C102234CFD0009828EC /* Info.plist */ = {isa = PBXFileReference; lastKnownFileType = text.plist.xml; path = Info.plist; sourceTree = "<group>"; };
		182E6C152234CFD0009828EC /* BookingRestaurentAppTests.xctest */ = {isa = PBXFileReference; explicitFileType = wrapper.cfbundle; includeInIndex = 0; path = BookingRestaurentAppTests.xctest; sourceTree = BUILT_PRODUCTS_DIR; };
		182E6C192234CFD0009828EC /* BookingRestaurentAppTests.swift */ = {isa = PBXFileReference; lastKnownFileType = sourcecode.swift; path = BookingRestaurentAppTests.swift; sourceTree = "<group>"; };
		182E6C1B2234CFD0009828EC /* Info.plist */ = {isa = PBXFileReference; lastKnownFileType = text.plist.xml; path = Info.plist; sourceTree = "<group>"; };
		182E6C202234CFD0009828EC /* BookingRestaurentAppUITests.xctest */ = {isa = PBXFileReference; explicitFileType = wrapper.cfbundle; includeInIndex = 0; path = BookingRestaurentAppUITests.xctest; sourceTree = BUILT_PRODUCTS_DIR; };
		182E6C242234CFD0009828EC /* BookingRestaurentAppUITests.swift */ = {isa = PBXFileReference; lastKnownFileType = sourcecode.swift; path = BookingRestaurentAppUITests.swift; sourceTree = "<group>"; };
		182E6C262234CFD0009828EC /* Info.plist */ = {isa = PBXFileReference; lastKnownFileType = text.plist.xml; path = Info.plist; sourceTree = "<group>"; };
		182E6C322234D0B0009828EC /* GoogleService-Info.plist */ = {isa = PBXFileReference; fileEncoding = 4; lastKnownFileType = text.plist.xml; path = "GoogleService-Info.plist"; sourceTree = "<group>"; };
		182E6C342234D332009828EC /* RegisterViewController.swift */ = {isa = PBXFileReference; lastKnownFileType = sourcecode.swift; path = RegisterViewController.swift; sourceTree = "<group>"; };
		184F8B8F223F741100FAC92A /* TopRateCollectionViewController.swift */ = {isa = PBXFileReference; lastKnownFileType = sourcecode.swift; path = TopRateCollectionViewController.swift; sourceTree = "<group>"; };
		184F8B91223F821A00FAC92A /* ContactsTableViewController.swift */ = {isa = PBXFileReference; lastKnownFileType = sourcecode.swift; path = ContactsTableViewController.swift; sourceTree = "<group>"; };
		184F8B96223F882D00FAC92A /* MenuTableViewController.swift */ = {isa = PBXFileReference; lastKnownFileType = sourcecode.swift; path = MenuTableViewController.swift; sourceTree = "<group>"; };
		184F8B99223F888400FAC92A /* SelectRestaurentViewController.swift */ = {isa = PBXFileReference; lastKnownFileType = sourcecode.swift; path = SelectRestaurentViewController.swift; sourceTree = "<group>"; };
		184F8BA52242310600FAC92A /* resmodel.swift */ = {isa = PBXFileReference; lastKnownFileType = sourcecode.swift; path = resmodel.swift; sourceTree = "<group>"; };
		184F8BA72243660600FAC92A /* InfoViewController.swift */ = {isa = PBXFileReference; lastKnownFileType = sourcecode.swift; path = InfoViewController.swift; sourceTree = "<group>"; };
		184F8BA92243778800FAC92A /* ProfileViewController.swift */ = {isa = PBXFileReference; lastKnownFileType = sourcecode.swift; path = ProfileViewController.swift; sourceTree = "<group>"; };
		184F8BAB2243847900FAC92A /* changePassViewController.swift */ = {isa = PBXFileReference; lastKnownFileType = sourcecode.swift; path = changePassViewController.swift; sourceTree = "<group>"; };
		1858B84E223CA6C6007CFE7B /* HomeCollectionViewController.swift */ = {isa = PBXFileReference; lastKnownFileType = sourcecode.swift; path = HomeCollectionViewController.swift; sourceTree = "<group>"; };
		18F39E262244CA3800AAFE51 /* WalletViewController.swift */ = {isa = PBXFileReference; lastKnownFileType = sourcecode.swift; path = WalletViewController.swift; sourceTree = "<group>"; };
		18F39E2822473F6700AAFE51 /* resmenu.swift */ = {isa = PBXFileReference; lastKnownFileType = sourcecode.swift; path = resmenu.swift; sourceTree = "<group>"; };
		18F5AED6223791B700240804 /* ForGotPasswordViewController.swift */ = {isa = PBXFileReference; lastKnownFileType = sourcecode.swift; path = ForGotPasswordViewController.swift; sourceTree = "<group>"; };
		18F5AED82237939800240804 /* FindPassWordViewController.swift */ = {isa = PBXFileReference; lastKnownFileType = sourcecode.swift; path = FindPassWordViewController.swift; sourceTree = "<group>"; };
		2D311C0057B54C7979F30868 /* Pods-BookingRestaurentApp.debug.xcconfig */ = {isa = PBXFileReference; includeInIndex = 1; lastKnownFileType = text.xcconfig; name = "Pods-BookingRestaurentApp.debug.xcconfig"; path = "Pods/Target Support Files/Pods-BookingRestaurentApp/Pods-BookingRestaurentApp.debug.xcconfig"; sourceTree = "<group>"; };
		A1F289ADE409C98662322DB2 /* Pods-BookingRestaurentApp.release.xcconfig */ = {isa = PBXFileReference; includeInIndex = 1; lastKnownFileType = text.xcconfig; name = "Pods-BookingRestaurentApp.release.xcconfig"; path = "Pods/Target Support Files/Pods-BookingRestaurentApp/Pods-BookingRestaurentApp.release.xcconfig"; sourceTree = "<group>"; };
		DCA02F7860D425329420BFE1 /* Pods_BookingRestaurentApp.framework */ = {isa = PBXFileReference; explicitFileType = wrapper.framework; includeInIndex = 0; path = Pods_BookingRestaurentApp.framework; sourceTree = BUILT_PRODUCTS_DIR; };
/* End PBXFileReference section */

/* Begin PBXFrameworksBuildPhase section */
		182E6BFE2234CFD0009828EC /* Frameworks */ = {
			isa = PBXFrameworksBuildPhase;
			buildActionMask = 2147483647;
			files = (
				750BE947D9ADB5DE80C947AF /* Pods_BookingRestaurentApp.framework in Frameworks */,
			);
			runOnlyForDeploymentPostprocessing = 0;
		};
		182E6C122234CFD0009828EC /* Frameworks */ = {
			isa = PBXFrameworksBuildPhase;
			buildActionMask = 2147483647;
			files = (
			);
			runOnlyForDeploymentPostprocessing = 0;
		};
		182E6C1D2234CFD0009828EC /* Frameworks */ = {
			isa = PBXFrameworksBuildPhase;
			buildActionMask = 2147483647;
			files = (
			);
			runOnlyForDeploymentPostprocessing = 0;
		};
/* End PBXFrameworksBuildPhase section */

/* Begin PBXGroup section */
		182E6BF82234CFCF009828EC = {
			isa = PBXGroup;
			children = (
				182E6C032234CFD0009828EC /* BookingRestaurentApp */,
				182E6C182234CFD0009828EC /* BookingRestaurentAppTests */,
				182E6C232234CFD0009828EC /* BookingRestaurentAppUITests */,
				182E6C022234CFD0009828EC /* Products */,
				B1B017F8935FF6227B77CFEB /* Pods */,
				C15E36E488A0CBCF2ABF89B0 /* Frameworks */,
			);
			sourceTree = "<group>";
		};
		182E6C022234CFD0009828EC /* Products */ = {
			isa = PBXGroup;
			children = (
				182E6C012234CFD0009828EC /* BookingRestaurentApp.app */,
				182E6C152234CFD0009828EC /* BookingRestaurentAppTests.xctest */,
				182E6C202234CFD0009828EC /* BookingRestaurentAppUITests.xctest */,
			);
			name = Products;
			sourceTree = "<group>";
		};
		182E6C032234CFD0009828EC /* BookingRestaurentApp */ = {
			isa = PBXGroup;
			children = (
				1858B84E223CA6C6007CFE7B /* HomeCollectionViewController.swift */,
				181FE504223B8F5B00648A0D /* HomeCollectionViewCell.swift */,
				184F8B96223F882D00FAC92A /* MenuTableViewController.swift */,
				182E6C322234D0B0009828EC /* GoogleService-Info.plist */,
				182E6C042234CFD0009828EC /* AppDelegate.swift */,
				182E6C062234CFD0009828EC /* ViewController.swift */,
				182E6C082234CFD0009828EC /* Main.storyboard */,
				182E6C0B2234CFD0009828EC /* Assets.xcassets */,
				182E6C0D2234CFD0009828EC /* LaunchScreen.storyboard */,
				182E6C102234CFD0009828EC /* Info.plist */,
				182E6C342234D332009828EC /* RegisterViewController.swift */,
				1810C78D2236479900065CB1 /* HomeViewController.swift */,
				1810C78F223647AD00065CB1 /* RecentViewController.swift */,
				1810C79522364CBE00065CB1 /* TabBarViewController.swift */,
				18F5AED6223791B700240804 /* ForGotPasswordViewController.swift */,
				18F5AED82237939800240804 /* FindPassWordViewController.swift */,
				184F8B8F223F741100FAC92A /* TopRateCollectionViewController.swift */,
				184F8B91223F821A00FAC92A /* ContactsTableViewController.swift */,
				184F8B99223F888400FAC92A /* SelectRestaurentViewController.swift */,
				184F8BA52242310600FAC92A /* resmodel.swift */,
				184F8BA72243660600FAC92A /* InfoViewController.swift */,
				184F8BA92243778800FAC92A /* ProfileViewController.swift */,
				184F8BAB2243847900FAC92A /* changePassViewController.swift */,
				18F39E262244CA3800AAFE51 /* WalletViewController.swift */,
				18F39E2822473F6700AAFE51 /* resmenu.swift */,
			);
			path = BookingRestaurentApp;
			sourceTree = "<group>";
		};
		182E6C182234CFD0009828EC /* BookingRestaurentAppTests */ = {
			isa = PBXGroup;
			children = (
				182E6C192234CFD0009828EC /* BookingRestaurentAppTests.swift */,
				182E6C1B2234CFD0009828EC /* Info.plist */,
			);
			path = BookingRestaurentAppTests;
			sourceTree = "<group>";
		};
		182E6C232234CFD0009828EC /* BookingRestaurentAppUITests */ = {
			isa = PBXGroup;
			children = (
				182E6C242234CFD0009828EC /* BookingRestaurentAppUITests.swift */,
				182E6C262234CFD0009828EC /* Info.plist */,
			);
			path = BookingRestaurentAppUITests;
			sourceTree = "<group>";
		};
		B1B017F8935FF6227B77CFEB /* Pods */ = {
			isa = PBXGroup;
			children = (
				2D311C0057B54C7979F30868 /* Pods-BookingRestaurentApp.debug.xcconfig */,
				A1F289ADE409C98662322DB2 /* Pods-BookingRestaurentApp.release.xcconfig */,
			);
			name = Pods;
			sourceTree = "<group>";
		};
		C15E36E488A0CBCF2ABF89B0 /* Frameworks */ = {
			isa = PBXGroup;
			children = (
				DCA02F7860D425329420BFE1 /* Pods_BookingRestaurentApp.framework */,
			);
			name = Frameworks;
			sourceTree = "<group>";
		};
/* End PBXGroup section */

/* Begin PBXNativeTarget section */
		182E6C002234CFD0009828EC /* BookingRestaurentApp */ = {
			isa = PBXNativeTarget;
			buildConfigurationList = 182E6C292234CFD0009828EC /* Build configuration list for PBXNativeTarget "BookingRestaurentApp" */;
			buildPhases = (
				C0CC767ABE7AFB324DB29790 /* [CP] Check Pods Manifest.lock */,
				182E6BFD2234CFD0009828EC /* Sources */,
				182E6BFE2234CFD0009828EC /* Frameworks */,
				182E6BFF2234CFD0009828EC /* Resources */,
				B224E964EA136E579B940FAC /* [CP] Embed Pods Frameworks */,
			);
			buildRules = (
			);
			dependencies = (
			);
			name = BookingRestaurentApp;
			productName = BookingRestaurentApp;
			productReference = 182E6C012234CFD0009828EC /* BookingRestaurentApp.app */;
			productType = "com.apple.product-type.application";
		};
		182E6C142234CFD0009828EC /* BookingRestaurentAppTests */ = {
			isa = PBXNativeTarget;
			buildConfigurationList = 182E6C2C2234CFD0009828EC /* Build configuration list for PBXNativeTarget "BookingRestaurentAppTests" */;
			buildPhases = (
				182E6C112234CFD0009828EC /* Sources */,
				182E6C122234CFD0009828EC /* Frameworks */,
				182E6C132234CFD0009828EC /* Resources */,
			);
			buildRules = (
			);
			dependencies = (
				182E6C172234CFD0009828EC /* PBXTargetDependency */,
			);
			name = BookingRestaurentAppTests;
			productName = BookingRestaurentAppTests;
			productReference = 182E6C152234CFD0009828EC /* BookingRestaurentAppTests.xctest */;
			productType = "com.apple.product-type.bundle.unit-test";
		};
		182E6C1F2234CFD0009828EC /* BookingRestaurentAppUITests */ = {
			isa = PBXNativeTarget;
			buildConfigurationList = 182E6C2F2234CFD0009828EC /* Build configuration list for PBXNativeTarget "BookingRestaurentAppUITests" */;
			buildPhases = (
				182E6C1C2234CFD0009828EC /* Sources */,
				182E6C1D2234CFD0009828EC /* Frameworks */,
				182E6C1E2234CFD0009828EC /* Resources */,
			);
			buildRules = (
			);
			dependencies = (
				182E6C222234CFD0009828EC /* PBXTargetDependency */,
			);
			name = BookingRestaurentAppUITests;
			productName = BookingRestaurentAppUITests;
			productReference = 182E6C202234CFD0009828EC /* BookingRestaurentAppUITests.xctest */;
			productType = "com.apple.product-type.bundle.ui-testing";
		};
/* End PBXNativeTarget section */

/* Begin PBXProject section */
		182E6BF92234CFCF009828EC /* Project object */ = {
			isa = PBXProject;
			attributes = {
				LastSwiftUpdateCheck = 1010;
				LastUpgradeCheck = 1010;
				ORGANIZATIONNAME = apple;
				TargetAttributes = {
					182E6C002234CFD0009828EC = {
						CreatedOnToolsVersion = 10.1;
					};
					182E6C142234CFD0009828EC = {
						CreatedOnToolsVersion = 10.1;
						TestTargetID = 182E6C002234CFD0009828EC;
					};
					182E6C1F2234CFD0009828EC = {
						CreatedOnToolsVersion = 10.1;
						TestTargetID = 182E6C002234CFD0009828EC;
					};
				};
			};
			buildConfigurationList = 182E6BFC2234CFCF009828EC /* Build configuration list for PBXProject "BookingRestaurentApp" */;
			compatibilityVersion = "Xcode 9.3";
			developmentRegion = en;
			hasScannedForEncodings = 0;
			knownRegions = (
				en,
				Base,
			);
			mainGroup = 182E6BF82234CFCF009828EC;
			productRefGroup = 182E6C022234CFD0009828EC /* Products */;
			projectDirPath = "";
			projectRoot = "";
			targets = (
				182E6C002234CFD0009828EC /* BookingRestaurentApp */,
				182E6C142234CFD0009828EC /* BookingRestaurentAppTests */,
				182E6C1F2234CFD0009828EC /* BookingRestaurentAppUITests */,
			);
		};
/* End PBXProject section */

/* Begin PBXResourcesBuildPhase section */
		182E6BFF2234CFD0009828EC /* Resources */ = {
			isa = PBXResourcesBuildPhase;
			buildActionMask = 2147483647;
			files = (
				182E6C0F2234CFD0009828EC /* LaunchScreen.storyboard in Resources */,
				182E6C332234D0B0009828EC /* GoogleService-Info.plist in Resources */,
				182E6C0C2234CFD0009828EC /* Assets.xcassets in Resources */,
				182E6C0A2234CFD0009828EC /* Main.storyboard in Resources */,
			);
			runOnlyForDeploymentPostprocessing = 0;
		};
		182E6C132234CFD0009828EC /* Resources */ = {
			isa = PBXResourcesBuildPhase;
			buildActionMask = 2147483647;
			files = (
			);
			runOnlyForDeploymentPostprocessing = 0;
		};
		182E6C1E2234CFD0009828EC /* Resources */ = {
			isa = PBXResourcesBuildPhase;
			buildActionMask = 2147483647;
			files = (
			);
			runOnlyForDeploymentPostprocessing = 0;
		};
/* End PBXResourcesBuildPhase section */

/* Begin PBXShellScriptBuildPhase section */
		B224E964EA136E579B940FAC /* [CP] Embed Pods Frameworks */ = {
			isa = PBXShellScriptBuildPhase;
			buildActionMask = 2147483647;
			files = (
			);
			inputFileListPaths = (
			);
			inputPaths = (
				"${SRCROOT}/Pods/Target Support Files/Pods-BookingRestaurentApp/Pods-BookingRestaurentApp-frameworks.sh",
				"${BUILT_PRODUCTS_DIR}/GTMSessionFetcher/GTMSessionFetcher.framework",
				"${BUILT_PRODUCTS_DIR}/GoogleUtilities/GoogleUtilities.framework",
				"${BUILT_PRODUCTS_DIR}/leveldb-library/leveldb.framework",
				"${BUILT_PRODUCTS_DIR}/nanopb/nanopb.framework",
			);
			name = "[CP] Embed Pods Frameworks";
			outputFileListPaths = (
			);
			outputPaths = (
				"${TARGET_BUILD_DIR}/${FRAMEWORKS_FOLDER_PATH}/GTMSessionFetcher.framework",
				"${TARGET_BUILD_DIR}/${FRAMEWORKS_FOLDER_PATH}/GoogleUtilities.framework",
				"${TARGET_BUILD_DIR}/${FRAMEWORKS_FOLDER_PATH}/leveldb.framework",
				"${TARGET_BUILD_DIR}/${FRAMEWORKS_FOLDER_PATH}/nanopb.framework",
			);
			runOnlyForDeploymentPostprocessing = 0;
			shellPath = /bin/sh;
			shellScript = "\"${SRCROOT}/Pods/Target Support Files/Pods-BookingRestaurentApp/Pods-BookingRestaurentApp-frameworks.sh\"\n";
			showEnvVarsInLog = 0;
		};
		C0CC767ABE7AFB324DB29790 /* [CP] Check Pods Manifest.lock */ = {
			isa = PBXShellScriptBuildPhase;
			buildActionMask = 2147483647;
			files = (
			);
			inputFileListPaths = (
			);
			inputPaths = (
				"${PODS_PODFILE_DIR_PATH}/Podfile.lock",
				"${PODS_ROOT}/Manifest.lock",
			);
			name = "[CP] Check Pods Manifest.lock";
			outputFileListPaths = (
			);
			outputPaths = (
				"$(DERIVED_FILE_DIR)/Pods-BookingRestaurentApp-checkManifestLockResult.txt",
			);
			runOnlyForDeploymentPostprocessing = 0;
			shellPath = /bin/sh;
			shellScript = "diff \"${PODS_PODFILE_DIR_PATH}/Podfile.lock\" \"${PODS_ROOT}/Manifest.lock\" > /dev/null\nif [ $? != 0 ] ; then\n    # print error to STDERR\n    echo \"error: The sandbox is not in sync with the Podfile.lock. Run 'pod install' or update your CocoaPods installation.\" >&2\n    exit 1\nfi\n# This output is used by Xcode 'outputs' to avoid re-running this script phase.\necho \"SUCCESS\" > \"${SCRIPT_OUTPUT_FILE_0}\"\n";
			showEnvVarsInLog = 0;
		};
/* End PBXShellScriptBuildPhase section */

/* Begin PBXSourcesBuildPhase section */
		182E6BFD2234CFD0009828EC /* Sources */ = {
			isa = PBXSourcesBuildPhase;
			buildActionMask = 2147483647;
			files = (
				1810C79622364CBE00065CB1 /* TabBarViewController.swift in Sources */,
				184F8B90223F741100FAC92A /* TopRateCollectionViewController.swift in Sources */,
				184F8B97223F882D00FAC92A /* MenuTableViewController.swift in Sources */,
				184F8B9A223F888400FAC92A /* SelectRestaurentViewController.swift in Sources */,
				184F8BA62242310600FAC92A /* resmodel.swift in Sources */,
				184F8BAA2243778800FAC92A /* ProfileViewController.swift in Sources */,
				184F8B92223F821A00FAC92A /* ContactsTableViewController.swift in Sources */,
				18F5AED7223791B700240804 /* ForGotPasswordViewController.swift in Sources */,
				18F39E272244CA3800AAFE51 /* WalletViewController.swift in Sources */,
				184F8BA82243660600FAC92A /* InfoViewController.swift in Sources */,
				1810C78E2236479900065CB1 /* HomeViewController.swift in Sources */,
				182E6C352234D332009828EC /* RegisterViewController.swift in Sources */,
				181FE505223B8F5B00648A0D /* HomeCollectionViewCell.swift in Sources */,
				1810C790223647AD00065CB1 /* RecentViewController.swift in Sources */,
				182E6C072234CFD0009828EC /* ViewController.swift in Sources */,
				18F39E2922473F6700AAFE51 /* resmenu.swift in Sources */,
				1858B84F223CA6C6007CFE7B /* HomeCollectionViewController.swift in Sources */,
				18F5AED92237939800240804 /* FindPassWordViewController.swift in Sources */,
				184F8BAC2243847900FAC92A /* changePassViewController.swift in Sources */,
				182E6C052234CFD0009828EC /* AppDelegate.swift in Sources */,
			);
			runOnlyForDeploymentPostprocessing = 0;
		};
		182E6C112234CFD0009828EC /* Sources */ = {
			isa = PBXSourcesBuildPhase;
			buildActionMask = 2147483647;
			files = (
				182E6C1A2234CFD0009828EC /* BookingRestaurentAppTests.swift in Sources */,
			);
			runOnlyForDeploymentPostprocessing = 0;
		};
		182E6C1C2234CFD0009828EC /* Sources */ = {
			isa = PBXSourcesBuildPhase;
			buildActionMask = 2147483647;
			files = (
				182E6C252234CFD0009828EC /* BookingRestaurentAppUITests.swift in Sources */,
			);
			runOnlyForDeploymentPostprocessing = 0;
		};
/* End PBXSourcesBuildPhase section */

/* Begin PBXTargetDependency section */
		182E6C172234CFD0009828EC /* PBXTargetDependency */ = {
			isa = PBXTargetDependency;
			target = 182E6C002234CFD0009828EC /* BookingRestaurentApp */;
			targetProxy = 182E6C162234CFD0009828EC /* PBXContainerItemProxy */;
		};
		182E6C222234CFD0009828EC /* PBXTargetDependency */ = {
			isa = PBXTargetDependency;
			target = 182E6C002234CFD0009828EC /* BookingRestaurentApp */;
			targetProxy = 182E6C212234CFD0009828EC /* PBXContainerItemProxy */;
		};
/* End PBXTargetDependency section */

/* Begin PBXVariantGroup section */
		182E6C082234CFD0009828EC /* Main.storyboard */ = {
			isa = PBXVariantGroup;
			children = (
				182E6C092234CFD0009828EC /* Base */,
			);
			name = Main.storyboard;
			sourceTree = "<group>";
		};
		182E6C0D2234CFD0009828EC /* LaunchScreen.storyboard */ = {
			isa = PBXVariantGroup;
			children = (
				182E6C0E2234CFD0009828EC /* Base */,
			);
			name = LaunchScreen.storyboard;
			sourceTree = "<group>";
		};
/* End PBXVariantGroup section */

/* Begin XCBuildConfiguration section */
		182E6C272234CFD0009828EC /* Debug */ = {
			isa = XCBuildConfiguration;
			buildSettings = {
				ALWAYS_SEARCH_USER_PATHS = NO;
				CLANG_ANALYZER_NONNULL = YES;
				CLANG_ANALYZER_NUMBER_OBJECT_CONVERSION = YES_AGGRESSIVE;
				CLANG_CXX_LANGUAGE_STANDARD = "gnu++14";
				CLANG_CXX_LIBRARY = "libc++";
				CLANG_ENABLE_MODULES = YES;
				CLANG_ENABLE_OBJC_ARC = YES;
				CLANG_ENABLE_OBJC_WEAK = YES;
				CLANG_WARN_BLOCK_CAPTURE_AUTORELEASING = YES;
				CLANG_WARN_BOOL_CONVERSION = YES;
				CLANG_WARN_COMMA = YES;
				CLANG_WARN_CONSTANT_CONVERSION = YES;
				CLANG_WARN_DEPRECATED_OBJC_IMPLEMENTATIONS = YES;
				CLANG_WARN_DIRECT_OBJC_ISA_USAGE = YES_ERROR;
				CLANG_WARN_DOCUMENTATION_COMMENTS = YES;
				CLANG_WARN_EMPTY_BODY = YES;
				CLANG_WARN_ENUM_CONVERSION = YES;
				CLANG_WARN_INFINITE_RECURSION = YES;
				CLANG_WARN_INT_CONVERSION = YES;
				CLANG_WARN_NON_LITERAL_NULL_CONVERSION = YES;
				CLANG_WARN_OBJC_IMPLICIT_RETAIN_SELF = YES;
				CLANG_WARN_OBJC_LITERAL_CONVERSION = YES;
				CLANG_WARN_OBJC_ROOT_CLASS = YES_ERROR;
				CLANG_WARN_RANGE_LOOP_ANALYSIS = YES;
				CLANG_WARN_STRICT_PROTOTYPES = YES;
				CLANG_WARN_SUSPICIOUS_MOVE = YES;
				CLANG_WARN_UNGUARDED_AVAILABILITY = YES_AGGRESSIVE;
				CLANG_WARN_UNREACHABLE_CODE = YES;
				CLANG_WARN__DUPLICATE_METHOD_MATCH = YES;
				CODE_SIGN_IDENTITY = "iPhone Developer";
				COPY_PHASE_STRIP = NO;
				DEBUG_INFORMATION_FORMAT = dwarf;
				ENABLE_STRICT_OBJC_MSGSEND = YES;
				ENABLE_TESTABILITY = YES;
				GCC_C_LANGUAGE_STANDARD = gnu11;
				GCC_DYNAMIC_NO_PIC = NO;
				GCC_NO_COMMON_BLOCKS = YES;
				GCC_OPTIMIZATION_LEVEL = 0;
				GCC_PREPROCESSOR_DEFINITIONS = (
					"DEBUG=1",
					"$(inherited)",
				);
				GCC_WARN_64_TO_32_BIT_CONVERSION = YES;
				GCC_WARN_ABOUT_RETURN_TYPE = YES_ERROR;
				GCC_WARN_UNDECLARED_SELECTOR = YES;
				GCC_WARN_UNINITIALIZED_AUTOS = YES_AGGRESSIVE;
				GCC_WARN_UNUSED_FUNCTION = YES;
				GCC_WARN_UNUSED_VARIABLE = YES;
				IPHONEOS_DEPLOYMENT_TARGET = 12.1;
				MTL_ENABLE_DEBUG_INFO = INCLUDE_SOURCE;
				MTL_FAST_MATH = YES;
				ONLY_ACTIVE_ARCH = YES;
				SDKROOT = iphoneos;
				SWIFT_ACTIVE_COMPILATION_CONDITIONS = DEBUG;
				SWIFT_OPTIMIZATION_LEVEL = "-Onone";
			};
			name = Debug;
		};
		182E6C282234CFD0009828EC /* Release */ = {
			isa = XCBuildConfiguration;
			buildSettings = {
				ALWAYS_SEARCH_USER_PATHS = NO;
				CLANG_ANALYZER_NONNULL = YES;
				CLANG_ANALYZER_NUMBER_OBJECT_CONVERSION = YES_AGGRESSIVE;
				CLANG_CXX_LANGUAGE_STANDARD = "gnu++14";
				CLANG_CXX_LIBRARY = "libc++";
				CLANG_ENABLE_MODULES = YES;
				CLANG_ENABLE_OBJC_ARC = YES;
				CLANG_ENABLE_OBJC_WEAK = YES;
				CLANG_WARN_BLOCK_CAPTURE_AUTORELEASING = YES;
				CLANG_WARN_BOOL_CONVERSION = YES;
				CLANG_WARN_COMMA = YES;
				CLANG_WARN_CONSTANT_CONVERSION = YES;
				CLANG_WARN_DEPRECATED_OBJC_IMPLEMENTATIONS = YES;
				CLANG_WARN_DIRECT_OBJC_ISA_USAGE = YES_ERROR;
				CLANG_WARN_DOCUMENTATION_COMMENTS = YES;
				CLANG_WARN_EMPTY_BODY = YES;
				CLANG_WARN_ENUM_CONVERSION = YES;
				CLANG_WARN_INFINITE_RECURSION = YES;
				CLANG_WARN_INT_CONVERSION = YES;
				CLANG_WARN_NON_LITERAL_NULL_CONVERSION = YES;
				CLANG_WARN_OBJC_IMPLICIT_RETAIN_SELF = YES;
				CLANG_WARN_OBJC_LITERAL_CONVERSION = YES;
				CLANG_WARN_OBJC_ROOT_CLASS = YES_ERROR;
				CLANG_WARN_RANGE_LOOP_ANALYSIS = YES;
				CLANG_WARN_STRICT_PROTOTYPES = YES;
				CLANG_WARN_SUSPICIOUS_MOVE = YES;
				CLANG_WARN_UNGUARDED_AVAILABILITY = YES_AGGRESSIVE;
				CLANG_WARN_UNREACHABLE_CODE = YES;
				CLANG_WARN__DUPLICATE_METHOD_MATCH = YES;
				CODE_SIGN_IDENTITY = "iPhone Developer";
				COPY_PHASE_STRIP = NO;
				DEBUG_INFORMATION_FORMAT = "dwarf-with-dsym";
				ENABLE_NS_ASSERTIONS = NO;
				ENABLE_STRICT_OBJC_MSGSEND = YES;
				GCC_C_LANGUAGE_STANDARD = gnu11;
				GCC_NO_COMMON_BLOCKS = YES;
				GCC_WARN_64_TO_32_BIT_CONVERSION = YES;
				GCC_WARN_ABOUT_RETURN_TYPE = YES_ERROR;
				GCC_WARN_UNDECLARED_SELECTOR = YES;
				GCC_WARN_UNINITIALIZED_AUTOS = YES_AGGRESSIVE;
				GCC_WARN_UNUSED_FUNCTION = YES;
				GCC_WARN_UNUSED_VARIABLE = YES;
				IPHONEOS_DEPLOYMENT_TARGET = 12.1;
				MTL_ENABLE_DEBUG_INFO = NO;
				MTL_FAST_MATH = YES;
				SDKROOT = iphoneos;
				SWIFT_COMPILATION_MODE = wholemodule;
				SWIFT_OPTIMIZATION_LEVEL = "-O";
				VALIDATE_PRODUCT = YES;
			};
			name = Release;
		};
		182E6C2A2234CFD0009828EC /* Debug */ = {
			isa = XCBuildConfiguration;
			baseConfigurationReference = 2D311C0057B54C7979F30868 /* Pods-BookingRestaurentApp.debug.xcconfig */;
			buildSettings = {
				ASSETCATALOG_COMPILER_APPICON_NAME = AppIcon;
				CODE_SIGN_STYLE = Automatic;
				INFOPLIST_FILE = BookingRestaurentApp/Info.plist;
				LD_RUNPATH_SEARCH_PATHS = (
					"$(inherited)",
					"@executable_path/Frameworks",
				);
				PRODUCT_BUNDLE_IDENTIFIER = apple.BookingRestaurentApp;
				PRODUCT_NAME = "$(TARGET_NAME)";
				SWIFT_VERSION = 4.2;
				TARGETED_DEVICE_FAMILY = "1,2";
			};
			name = Debug;
		};
		182E6C2B2234CFD0009828EC /* Release */ = {
			isa = XCBuildConfiguration;
			baseConfigurationReference = A1F289ADE409C98662322DB2 /* Pods-BookingRestaurentApp.release.xcconfig */;
			buildSettings = {
				ASSETCATALOG_COMPILER_APPICON_NAME = AppIcon;
				CODE_SIGN_STYLE = Automatic;
				INFOPLIST_FILE = BookingRestaurentApp/Info.plist;
				LD_RUNPATH_SEARCH_PATHS = (
					"$(inherited)",
					"@executable_path/Frameworks",
				);
				PRODUCT_BUNDLE_IDENTIFIER = apple.BookingRestaurentApp;
				PRODUCT_NAME = "$(TARGET_NAME)";
				SWIFT_VERSION = 4.2;
				TARGETED_DEVICE_FAMILY = "1,2";
			};
			name = Release;
		};
		182E6C2D2234CFD0009828EC /* Debug */ = {
			isa = XCBuildConfiguration;
			buildSettings = {
				ALWAYS_EMBED_SWIFT_STANDARD_LIBRARIES = YES;
				BUNDLE_LOADER = "$(TEST_HOST)";
				CODE_SIGN_STYLE = Automatic;
				INFOPLIST_FILE = BookingRestaurentAppTests/Info.plist;
				LD_RUNPATH_SEARCH_PATHS = (
					"$(inherited)",
					"@executable_path/Frameworks",
					"@loader_path/Frameworks",
				);
				PRODUCT_BUNDLE_IDENTIFIER = apple.BookingRestaurentAppTests;
				PRODUCT_NAME = "$(TARGET_NAME)";
				SWIFT_VERSION = 4.2;
				TARGETED_DEVICE_FAMILY = "1,2";
				TEST_HOST = "$(BUILT_PRODUCTS_DIR)/BookingRestaurentApp.app/BookingRestaurentApp";
			};
			name = Debug;
		};
		182E6C2E2234CFD0009828EC /* Release */ = {
			isa = XCBuildConfiguration;
			buildSettings = {
				ALWAYS_EMBED_SWIFT_STANDARD_LIBRARIES = YES;
				BUNDLE_LOADER = "$(TEST_HOST)";
				CODE_SIGN_STYLE = Automatic;
				INFOPLIST_FILE = BookingRestaurentAppTests/Info.plist;
				LD_RUNPATH_SEARCH_PATHS = (
					"$(inherited)",
					"@executable_path/Frameworks",
					"@loader_path/Frameworks",
				);
				PRODUCT_BUNDLE_IDENTIFIER = apple.BookingRestaurentAppTests;
				PRODUCT_NAME = "$(TARGET_NAME)";
				SWIFT_VERSION = 4.2;
				TARGETED_DEVICE_FAMILY = "1,2";
				TEST_HOST = "$(BUILT_PRODUCTS_DIR)/BookingRestaurentApp.app/BookingRestaurentApp";
			};
			name = Release;
		};
		182E6C302234CFD0009828EC /* Debug */ = {
			isa = XCBuildConfiguration;
			buildSettings = {
				ALWAYS_EMBED_SWIFT_STANDARD_LIBRARIES = YES;
				CODE_SIGN_STYLE = Automatic;
				INFOPLIST_FILE = BookingRestaurentAppUITests/Info.plist;
				LD_RUNPATH_SEARCH_PATHS = (
					"$(inherited)",
					"@executable_path/Frameworks",
					"@loader_path/Frameworks",
				);
				PRODUCT_BUNDLE_IDENTIFIER = apple.BookingRestaurentAppUITests;
				PRODUCT_NAME = "$(TARGET_NAME)";
				SWIFT_VERSION = 4.2;
				TARGETED_DEVICE_FAMILY = "1,2";
				TEST_TARGET_NAME = BookingRestaurentApp;
			};
			name = Debug;
		};
		182E6C312234CFD0009828EC /* Release */ = {
			isa = XCBuildConfiguration;
			buildSettings = {
				ALWAYS_EMBED_SWIFT_STANDARD_LIBRARIES = YES;
				CODE_SIGN_STYLE = Automatic;
				INFOPLIST_FILE = BookingRestaurentAppUITests/Info.plist;
				LD_RUNPATH_SEARCH_PATHS = (
					"$(inherited)",
					"@executable_path/Frameworks",
					"@loader_path/Frameworks",
				);
				PRODUCT_BUNDLE_IDENTIFIER = apple.BookingRestaurentAppUITests;
				PRODUCT_NAME = "$(TARGET_NAME)";
				SWIFT_VERSION = 4.2;
				TARGETED_DEVICE_FAMILY = "1,2";
				TEST_TARGET_NAME = BookingRestaurentApp;
			};
			name = Release;
		};
/* End XCBuildConfiguration section */

/* Begin XCConfigurationList section */
		182E6BFC2234CFCF009828EC /* Build configuration list for PBXProject "BookingRestaurentApp" */ = {
			isa = XCConfigurationList;
			buildConfigurations = (
				182E6C272234CFD0009828EC /* Debug */,
				182E6C282234CFD0009828EC /* Release */,
			);
			defaultConfigurationIsVisible = 0;
			defaultConfigurationName = Release;
		};
		182E6C292234CFD0009828EC /* Build configuration list for PBXNativeTarget "BookingRestaurentApp" */ = {
			isa = XCConfigurationList;
			buildConfigurations = (
				182E6C2A2234CFD0009828EC /* Debug */,
				182E6C2B2234CFD0009828EC /* Release */,
			);
			defaultConfigurationIsVisible = 0;
			defaultConfigurationName = Release;
		};
		182E6C2C2234CFD0009828EC /* Build configuration list for PBXNativeTarget "BookingRestaurentAppTests" */ = {
			isa = XCConfigurationList;
			buildConfigurations = (
				182E6C2D2234CFD0009828EC /* Debug */,
				182E6C2E2234CFD0009828EC /* Release */,
			);
			defaultConfigurationIsVisible = 0;
			defaultConfigurationName = Release;
		};
		182E6C2F2234CFD0009828EC /* Build configuration list for PBXNativeTarget "BookingRestaurentAppUITests" */ = {
			isa = XCConfigurationList;
			buildConfigurations = (
				182E6C302234CFD0009828EC /* Debug */,
				182E6C312234CFD0009828EC /* Release */,
			);
			defaultConfigurationIsVisible = 0;
			defaultConfigurationName = Release;
		};
/* End XCConfigurationList section */
	};
	rootObject = 182E6BF92234CFCF009828EC /* Project object */;
}
